
Microsoft Visual Studio Solution File, Format Version 12.00
# Visual Studio Version 16
VisualStudioVersion = 16.0.29613.14
MinimumVisualStudioVersion = 10.0.40219.1
Project("{FAE04EC0-301F-11D3-BF4B-00C04F79EFBC}") = "ListasParte02", "ListasParte02\ListasParte02.csproj", "{A8B94308-7724-4F21-995E-C5D01C927813}"
EndProject
Global
	GlobalSection(SolutionConfigurationPlatforms) = preSolution
		Debug|Any CPU = Debug|Any CPU
		Release|Any CPU = Release|Any CPU
	EndGlobalSection
	GlobalSection(ProjectConfigurationPlatforms) = postSolution
		{A8B94308-7724-4F21-995E-C5D01C927813}.Debug|Any CPU.ActiveCfg = Debug|Any CPU
		{A8B94308-7724-4F21-995E-C5D01C927813}.Debug|Any CPU.Build.0 = Debug|Any CPU
		{A8B94308-7724-4F21-995E-C5D01C927813}.Release|Any CPU.ActiveCfg = Release|Any CPU
		{A8B94308-7724-4F21-995E-C5D01C927813}.Release|Any CPU.Build.0 = Release|Any CPU
	EndGlobalSection
	GlobalSection(SolutionProperties) = preSolution
		HideSolutionNode = FALSE
	EndGlobalSection
	GlobalSection(ExtensibilityGlobals) = postSolution
		SolutionGuid = {28607875-3B96-4CDB-9C32-2208877F48E7}
	EndGlobalSection
EndGlobal
