
Microsoft Visual Studio Solution File, Format Version 12.00
# Visual Studio Version 16
VisualStudioVersion = 16.0.29613.14
MinimumVisualStudioVersion = 10.0.40219.1
Project("{FAE04EC0-301F-11D3-BF4B-00C04F79EFBC}") = "ExercicioMatriz", "ExercicioMatriz\ExercicioMatriz.csproj", "{80E03071-DCE3-40C7-8D15-2509F96E567E}"
EndProject
Global
	GlobalSection(SolutionConfigurationPlatforms) = preSolution
		Debug|Any CPU = Debug|Any CPU
		Release|Any CPU = Release|Any CPU
	EndGlobalSection
	GlobalSection(ProjectConfigurationPlatforms) = postSolution
		{80E03071-DCE3-40C7-8D15-2509F96E567E}.Debug|Any CPU.ActiveCfg = Debug|Any CPU
		{80E03071-DCE3-40C7-8D15-2509F96E567E}.Debug|Any CPU.Build.0 = Debug|Any CPU
		{80E03071-DCE3-40C7-8D15-2509F96E567E}.Release|Any CPU.ActiveCfg = Release|Any CPU
		{80E03071-DCE3-40C7-8D15-2509F96E567E}.Release|Any CPU.Build.0 = Release|Any CPU
	EndGlobalSection
	GlobalSection(SolutionProperties) = preSolution
		HideSolutionNode = FALSE
	EndGlobalSection
	GlobalSection(ExtensibilityGlobals) = postSolution
		SolutionGuid = {16DDA426-872E-464B-A03E-80C8BC5643F1}
	EndGlobalSection
EndGlobal
