
Microsoft Visual Studio Solution File, Format Version 12.00
# Visual Studio Version 16
VisualStudioVersion = 16.0.29613.14
MinimumVisualStudioVersion = 10.0.40219.1
Project("{FAE04EC0-301F-11D3-BF4B-00C04F79EFBC}") = "ExercicioResolvido", "ExercicioResolvido\ExercicioResolvido.csproj", "{28D48EB9-E50E-4ECE-8167-DBA1D2684EAD}"
EndProject
Global
	GlobalSection(SolutionConfigurationPlatforms) = preSolution
		Debug|Any CPU = Debug|Any CPU
		Release|Any CPU = Release|Any CPU
	EndGlobalSection
	GlobalSection(ProjectConfigurationPlatforms) = postSolution
		{28D48EB9-E50E-4ECE-8167-DBA1D2684EAD}.Debug|Any CPU.ActiveCfg = Debug|Any CPU
		{28D48EB9-E50E-4ECE-8167-DBA1D2684EAD}.Debug|Any CPU.Build.0 = Debug|Any CPU
		{28D48EB9-E50E-4ECE-8167-DBA1D2684EAD}.Release|Any CPU.ActiveCfg = Release|Any CPU
		{28D48EB9-E50E-4ECE-8167-DBA1D2684EAD}.Release|Any CPU.Build.0 = Release|Any CPU
	EndGlobalSection
	GlobalSection(SolutionProperties) = preSolution
		HideSolutionNode = FALSE
	EndGlobalSection
	GlobalSection(ExtensibilityGlobals) = postSolution
		SolutionGuid = {1BB16DB3-5D5D-4860-B0E9-8DE58969B56E}
	EndGlobalSection
EndGlobal
