
Microsoft Visual Studio Solution File, Format Version 12.00
# Visual Studio Version 16
VisualStudioVersion = 16.0.29613.14
MinimumVisualStudioVersion = 10.0.40219.1
Project("{FAE04EC0-301F-11D3-BF4B-00C04F79EFBC}") = "Exercicio1", "Exercicio1\Exercicio1.csproj", "{9813786B-C0CF-4CBC-97E9-89715C0EE05A}"
EndProject
Global
	GlobalSection(SolutionConfigurationPlatforms) = preSolution
		Debug|Any CPU = Debug|Any CPU
		Release|Any CPU = Release|Any CPU
	EndGlobalSection
	GlobalSection(ProjectConfigurationPlatforms) = postSolution
		{9813786B-C0CF-4CBC-97E9-89715C0EE05A}.Debug|Any CPU.ActiveCfg = Debug|Any CPU
		{9813786B-C0CF-4CBC-97E9-89715C0EE05A}.Debug|Any CPU.Build.0 = Debug|Any CPU
		{9813786B-C0CF-4CBC-97E9-89715C0EE05A}.Release|Any CPU.ActiveCfg = Release|Any CPU
		{9813786B-C0CF-4CBC-97E9-89715C0EE05A}.Release|Any CPU.Build.0 = Release|Any CPU
	EndGlobalSection
	GlobalSection(SolutionProperties) = preSolution
		HideSolutionNode = FALSE
	EndGlobalSection
	GlobalSection(ExtensibilityGlobals) = postSolution
		SolutionGuid = {1DBF0B84-013D-4006-9829-185E1D3BE252}
	EndGlobalSection
EndGlobal
