
Microsoft Visual Studio Solution File, Format Version 12.00
# Visual Studio Version 16
VisualStudioVersion = 16.0.29613.14
MinimumVisualStudioVersion = 10.0.40219.1
Project("{FAE04EC0-301F-11D3-BF4B-00C04F79EFBC}") = "Lista", "Lista\Lista.csproj", "{BF258E34-1429-41C9-8414-454F2BA00122}"
EndProject
Global
	GlobalSection(SolutionConfigurationPlatforms) = preSolution
		Debug|Any CPU = Debug|Any CPU
		Release|Any CPU = Release|Any CPU
	EndGlobalSection
	GlobalSection(ProjectConfigurationPlatforms) = postSolution
		{BF258E34-1429-41C9-8414-454F2BA00122}.Debug|Any CPU.ActiveCfg = Debug|Any CPU
		{BF258E34-1429-41C9-8414-454F2BA00122}.Debug|Any CPU.Build.0 = Debug|Any CPU
		{BF258E34-1429-41C9-8414-454F2BA00122}.Release|Any CPU.ActiveCfg = Release|Any CPU
		{BF258E34-1429-41C9-8414-454F2BA00122}.Release|Any CPU.Build.0 = Release|Any CPU
	EndGlobalSection
	GlobalSection(SolutionProperties) = preSolution
		HideSolutionNode = FALSE
	EndGlobalSection
	GlobalSection(ExtensibilityGlobals) = postSolution
		SolutionGuid = {6DDB3213-BDCD-4BFF-A5AD-964338DD00D2}
	EndGlobalSection
EndGlobal
