
Microsoft Visual Studio Solution File, Format Version 12.00
# Visual Studio Version 16
VisualStudioVersion = 16.0.29613.14
MinimumVisualStudioVersion = 10.0.40219.1
Project("{FAE04EC0-301F-11D3-BF4B-00C04F79EFBC}") = "MembrosEstaticosVersao01", "MembrosEstaticosVersao01\MembrosEstaticosVersao01.csproj", "{73475676-9F44-4A62-89A6-C8AFFE112621}"
EndProject
Global
	GlobalSection(SolutionConfigurationPlatforms) = preSolution
		Debug|Any CPU = Debug|Any CPU
		Release|Any CPU = Release|Any CPU
	EndGlobalSection
	GlobalSection(ProjectConfigurationPlatforms) = postSolution
		{73475676-9F44-4A62-89A6-C8AFFE112621}.Debug|Any CPU.ActiveCfg = Debug|Any CPU
		{73475676-9F44-4A62-89A6-C8AFFE112621}.Debug|Any CPU.Build.0 = Debug|Any CPU
		{73475676-9F44-4A62-89A6-C8AFFE112621}.Release|Any CPU.ActiveCfg = Release|Any CPU
		{73475676-9F44-4A62-89A6-C8AFFE112621}.Release|Any CPU.Build.0 = Release|Any CPU
	EndGlobalSection
	GlobalSection(SolutionProperties) = preSolution
		HideSolutionNode = FALSE
	EndGlobalSection
	GlobalSection(ExtensibilityGlobals) = postSolution
		SolutionGuid = {D3D6A421-3CE7-4A9F-BBA7-49ADD223FD81}
	EndGlobalSection
EndGlobal
