
Microsoft Visual Studio Solution File, Format Version 12.00
# Visual Studio Version 16
VisualStudioVersion = 16.0.29613.14
MinimumVisualStudioVersion = 10.0.40219.1
Project("{FAE04EC0-301F-11D3-BF4B-00C04F79EFBC}") = "Comparable", "Comparable\Comparable.csproj", "{A0F4D80A-54D3-42B6-9490-BC963E2E670A}"
EndProject
Global
	GlobalSection(SolutionConfigurationPlatforms) = preSolution
		Debug|Any CPU = Debug|Any CPU
		Release|Any CPU = Release|Any CPU
	EndGlobalSection
	GlobalSection(ProjectConfigurationPlatforms) = postSolution
		{A0F4D80A-54D3-42B6-9490-BC963E2E670A}.Debug|Any CPU.ActiveCfg = Debug|Any CPU
		{A0F4D80A-54D3-42B6-9490-BC963E2E670A}.Debug|Any CPU.Build.0 = Debug|Any CPU
		{A0F4D80A-54D3-42B6-9490-BC963E2E670A}.Release|Any CPU.ActiveCfg = Release|Any CPU
		{A0F4D80A-54D3-42B6-9490-BC963E2E670A}.Release|Any CPU.Build.0 = Release|Any CPU
	EndGlobalSection
	GlobalSection(SolutionProperties) = preSolution
		HideSolutionNode = FALSE
	EndGlobalSection
	GlobalSection(ExtensibilityGlobals) = postSolution
		SolutionGuid = {AEEDF348-C24D-4397-9A3D-6FE8D5D84CAE}
	EndGlobalSection
EndGlobal
