
Microsoft Visual Studio Solution File, Format Version 12.00
# Visual Studio Version 16
VisualStudioVersion = 16.0.29613.14
MinimumVisualStudioVersion = 10.0.40219.1
Project("{FAE04EC0-301F-11D3-BF4B-00C04F79EFBC}") = "ExercicioFixacao01", "ExercicioFixacao01\ExercicioFixacao01.csproj", "{D392F1CD-F674-4005-BB5B-6DAECC4DE269}"
EndProject
Global
	GlobalSection(SolutionConfigurationPlatforms) = preSolution
		Debug|Any CPU = Debug|Any CPU
		Release|Any CPU = Release|Any CPU
	EndGlobalSection
	GlobalSection(ProjectConfigurationPlatforms) = postSolution
		{D392F1CD-F674-4005-BB5B-6DAECC4DE269}.Debug|Any CPU.ActiveCfg = Debug|Any CPU
		{D392F1CD-F674-4005-BB5B-6DAECC4DE269}.Debug|Any CPU.Build.0 = Debug|Any CPU
		{D392F1CD-F674-4005-BB5B-6DAECC4DE269}.Release|Any CPU.ActiveCfg = Release|Any CPU
		{D392F1CD-F674-4005-BB5B-6DAECC4DE269}.Release|Any CPU.Build.0 = Release|Any CPU
	EndGlobalSection
	GlobalSection(SolutionProperties) = preSolution
		HideSolutionNode = FALSE
	EndGlobalSection
	GlobalSection(ExtensibilityGlobals) = postSolution
		SolutionGuid = {D1896D7E-9238-4717-AF3C-5D3C51895D43}
	EndGlobalSection
EndGlobal
