
Microsoft Visual Studio Solution File, Format Version 12.00
# Visual Studio Version 16
VisualStudioVersion = 16.0.29613.14
MinimumVisualStudioVersion = 10.0.40219.1
Project("{FAE04EC0-301F-11D3-BF4B-00C04F79EFBC}") = "TopicosEspeciais", "TopicosEspeciais\TopicosEspeciais.csproj", "{A23A46EA-283A-4FF4-86B3-3987B5B44BA6}"
EndProject
Global
	GlobalSection(SolutionConfigurationPlatforms) = preSolution
		Debug|Any CPU = Debug|Any CPU
		Release|Any CPU = Release|Any CPU
	EndGlobalSection
	GlobalSection(ProjectConfigurationPlatforms) = postSolution
		{A23A46EA-283A-4FF4-86B3-3987B5B44BA6}.Debug|Any CPU.ActiveCfg = Debug|Any CPU
		{A23A46EA-283A-4FF4-86B3-3987B5B44BA6}.Debug|Any CPU.Build.0 = Debug|Any CPU
		{A23A46EA-283A-4FF4-86B3-3987B5B44BA6}.Release|Any CPU.ActiveCfg = Release|Any CPU
		{A23A46EA-283A-4FF4-86B3-3987B5B44BA6}.Release|Any CPU.Build.0 = Release|Any CPU
	EndGlobalSection
	GlobalSection(SolutionProperties) = preSolution
		HideSolutionNode = FALSE
	EndGlobalSection
	GlobalSection(ExtensibilityGlobals) = postSolution
		SolutionGuid = {3779031A-6BD3-4879-86F9-59A9986DC189}
	EndGlobalSection
EndGlobal
